
Microsoft Visual Studio Solution File, Format Version 12.00
# Visual Studio 15
VisualStudioVersion = 15.0.27004.2006
MinimumVisualStudioVersion = 10.0.40219.1
Project("{FAE04EC0-301F-11D3-BF4B-00C04F79EFBC}") = "graphs5.Android", "graphs5\graphs5.Android\graphs5.Android.csproj", "{47505C05-4575-469E-9392-B9EF1F9E0BA8}"
EndProject
Project("{FAE04EC0-301F-11D3-BF4B-00C04F79EFBC}") = "graphs5", "graphs5\graphs5\graphs5.csproj", "{68B60F7B-56C4-41C6-8A30-F909F7163E03}"
EndProject
Project("{FAE04EC0-301F-11D3-BF4B-00C04F79EFBC}") = "graphs5.UWP", "graphs5\graphs5.UWP\graphs5.UWP.csproj", "{65D0CF91-C4FE-4D73-B506-D5555FFA68C3}"
EndProject
Project("{FAE04EC0-301F-11D3-BF4B-00C04F79EFBC}") = "graphs5.iOS", "graphs5\graphs5.iOS\graphs5.iOS.csproj", "{A82B6C59-C2BD-44F6-9C77-1212D4D675E0}"
EndProject
Global
	GlobalSection(SolutionConfigurationPlatforms) = preSolution
		Ad-Hoc|Any CPU = Ad-Hoc|Any CPU
		Ad-Hoc|ARM = Ad-Hoc|ARM
		Ad-Hoc|iPhone = Ad-Hoc|iPhone
		Ad-Hoc|iPhoneSimulator = Ad-Hoc|iPhoneSimulator
		Ad-Hoc|x64 = Ad-Hoc|x64
		Ad-Hoc|x86 = Ad-Hoc|x86
		AppStore|Any CPU = AppStore|Any CPU
		AppStore|ARM = AppStore|ARM
		AppStore|iPhone = AppStore|iPhone
		AppStore|iPhoneSimulator = AppStore|iPhoneSimulator
		AppStore|x64 = AppStore|x64
		AppStore|x86 = AppStore|x86
		Debug|Any CPU = Debug|Any CPU
		Debug|ARM = Debug|ARM
		Debug|iPhone = Debug|iPhone
		Debug|iPhoneSimulator = Debug|iPhoneSimulator
		Debug|x64 = Debug|x64
		Debug|x86 = Debug|x86
		Release|Any CPU = Release|Any CPU
		Release|ARM = Release|ARM
		Release|iPhone = Release|iPhone
		Release|iPhoneSimulator = Release|iPhoneSimulator
		Release|x64 = Release|x64
		Release|x86 = Release|x86
	EndGlobalSection
	GlobalSection(ProjectConfigurationPlatforms) = postSolution
		{47505C05-4575-469E-9392-B9EF1F9E0BA8}.Ad-Hoc|Any CPU.ActiveCfg = Release|Any CPU
		{47505C05-4575-469E-9392-B9EF1F9E0BA8}.Ad-Hoc|Any CPU.Build.0 = Release|Any CPU
		{47505C05-4575-469E-9392-B9EF1F9E0BA8}.Ad-Hoc|Any CPU.Deploy.0 = Release|Any CPU
		{47505C05-4575-469E-9392-B9EF1F9E0BA8}.Ad-Hoc|ARM.ActiveCfg = Release|Any CPU
		{47505C05-4575-469E-9392-B9EF1F9E0BA8}.Ad-Hoc|ARM.Build.0 = Release|Any CPU
		{47505C05-4575-469E-9392-B9EF1F9E0BA8}.Ad-Hoc|ARM.Deploy.0 = Release|Any CPU
		{47505C05-4575-469E-9392-B9EF1F9E0BA8}.Ad-Hoc|iPhone.ActiveCfg = Release|Any CPU
		{47505C05-4575-469E-9392-B9EF1F9E0BA8}.Ad-Hoc|iPhone.Build.0 = Release|Any CPU
		{47505C05-4575-469E-9392-B9EF1F9E0BA8}.Ad-Hoc|iPhone.Deploy.0 = Release|Any CPU
		{47505C05-4575-469E-9392-B9EF1F9E0BA8}.Ad-Hoc|iPhoneSimulator.ActiveCfg = Release|Any CPU
		{47505C05-4575-469E-9392-B9EF1F9E0BA8}.Ad-Hoc|iPhoneSimulator.Build.0 = Release|Any CPU
		{47505C05-4575-469E-9392-B9EF1F9E0BA8}.Ad-Hoc|iPhoneSimulator.Deploy.0 = Release|Any CPU
		{47505C05-4575-469E-9392-B9EF1F9E0BA8}.Ad-Hoc|x64.ActiveCfg = Release|Any CPU
		{47505C05-4575-469E-9392-B9EF1F9E0BA8}.Ad-Hoc|x64.Build.0 = Release|Any CPU
		{47505C05-4575-469E-9392-B9EF1F9E0BA8}.Ad-Hoc|x64.Deploy.0 = Release|Any CPU
		{47505C05-4575-469E-9392-B9EF1F9E0BA8}.Ad-Hoc|x86.ActiveCfg = Release|Any CPU
		{47505C05-4575-469E-9392-B9EF1F9E0BA8}.Ad-Hoc|x86.Build.0 = Release|Any CPU
		{47505C05-4575-469E-9392-B9EF1F9E0BA8}.Ad-Hoc|x86.Deploy.0 = Release|Any CPU
		{47505C05-4575-469E-9392-B9EF1F9E0BA8}.AppStore|Any CPU.ActiveCfg = Release|Any CPU
		{47505C05-4575-469E-9392-B9EF1F9E0BA8}.AppStore|Any CPU.Build.0 = Release|Any CPU
		{47505C05-4575-469E-9392-B9EF1F9E0BA8}.AppStore|Any CPU.Deploy.0 = Release|Any CPU
		{47505C05-4575-469E-9392-B9EF1F9E0BA8}.AppStore|ARM.ActiveCfg = Release|Any CPU
		{47505C05-4575-469E-9392-B9EF1F9E0BA8}.AppStore|ARM.Build.0 = Release|Any CPU
		{47505C05-4575-469E-9392-B9EF1F9E0BA8}.AppStore|ARM.Deploy.0 = Release|Any CPU
		{47505C05-4575-469E-9392-B9EF1F9E0BA8}.AppStore|iPhone.ActiveCfg = Release|Any CPU
		{47505C05-4575-469E-9392-B9EF1F9E0BA8}.AppStore|iPhone.Build.0 = Release|Any CPU
		{47505C05-4575-469E-9392-B9EF1F9E0BA8}.AppStore|iPhone.Deploy.0 = Release|Any CPU
		{47505C05-4575-469E-9392-B9EF1F9E0BA8}.AppStore|iPhoneSimulator.ActiveCfg = Release|Any CPU
		{47505C05-4575-469E-9392-B9EF1F9E0BA8}.AppStore|iPhoneSimulator.Build.0 = Release|Any CPU
		{47505C05-4575-469E-9392-B9EF1F9E0BA8}.AppStore|iPhoneSimulator.Deploy.0 = Release|Any CPU
		{47505C05-4575-469E-9392-B9EF1F9E0BA8}.AppStore|x64.ActiveCfg = Release|Any CPU
		{47505C05-4575-469E-9392-B9EF1F9E0BA8}.AppStore|x64.Build.0 = Release|Any CPU
		{47505C05-4575-469E-9392-B9EF1F9E0BA8}.AppStore|x64.Deploy.0 = Release|Any CPU
		{47505C05-4575-469E-9392-B9EF1F9E0BA8}.AppStore|x86.ActiveCfg = Release|Any CPU
		{47505C05-4575-469E-9392-B9EF1F9E0BA8}.AppStore|x86.Build.0 = Release|Any CPU
		{47505C05-4575-469E-9392-B9EF1F9E0BA8}.AppStore|x86.Deploy.0 = Release|Any CPU
		{47505C05-4575-469E-9392-B9EF1F9E0BA8}.Debug|Any CPU.ActiveCfg = Debug|Any CPU
		{47505C05-4575-469E-9392-B9EF1F9E0BA8}.Debug|Any CPU.Build.0 = Debug|Any CPU
		{47505C05-4575-469E-9392-B9EF1F9E0BA8}.Debug|Any CPU.Deploy.0 = Debug|Any CPU
		{47505C05-4575-469E-9392-B9EF1F9E0BA8}.Debug|ARM.ActiveCfg = Debug|Any CPU
		{47505C05-4575-469E-9392-B9EF1F9E0BA8}.Debug|ARM.Build.0 = Debug|Any CPU
		{47505C05-4575-469E-9392-B9EF1F9E0BA8}.Debug|ARM.Deploy.0 = Debug|Any CPU
		{47505C05-4575-469E-9392-B9EF1F9E0BA8}.Debug|iPhone.ActiveCfg = Debug|Any CPU
		{47505C05-4575-469E-9392-B9EF1F9E0BA8}.Debug|iPhone.Build.0 = Debug|Any CPU
		{47505C05-4575-469E-9392-B9EF1F9E0BA8}.Debug|iPhone.Deploy.0 = Debug|Any CPU
		{47505C05-4575-469E-9392-B9EF1F9E0BA8}.Debug|iPhoneSimulator.ActiveCfg = Debug|Any CPU
		{47505C05-4575-469E-9392-B9EF1F9E0BA8}.Debug|iPhoneSimulator.Build.0 = Debug|Any CPU
		{47505C05-4575-469E-9392-B9EF1F9E0BA8}.Debug|iPhoneSimulator.Deploy.0 = Debug|Any CPU
		{47505C05-4575-469E-9392-B9EF1F9E0BA8}.Debug|x64.ActiveCfg = Debug|Any CPU
		{47505C05-4575-469E-9392-B9EF1F9E0BA8}.Debug|x64.Build.0 = Debug|Any CPU
		{47505C05-4575-469E-9392-B9EF1F9E0BA8}.Debug|x64.Deploy.0 = Debug|Any CPU
		{47505C05-4575-469E-9392-B9EF1F9E0BA8}.Debug|x86.ActiveCfg = Debug|Any CPU
		{47505C05-4575-469E-9392-B9EF1F9E0BA8}.Debug|x86.Build.0 = Debug|Any CPU
		{47505C05-4575-469E-9392-B9EF1F9E0BA8}.Debug|x86.Deploy.0 = Debug|Any CPU
		{47505C05-4575-469E-9392-B9EF1F9E0BA8}.Release|Any CPU.ActiveCfg = Release|Any CPU
		{47505C05-4575-469E-9392-B9EF1F9E0BA8}.Release|Any CPU.Build.0 = Release|Any CPU
		{47505C05-4575-469E-9392-B9EF1F9E0BA8}.Release|Any CPU.Deploy.0 = Release|Any CPU
		{47505C05-4575-469E-9392-B9EF1F9E0BA8}.Release|ARM.ActiveCfg = Release|Any CPU
		{47505C05-4575-469E-9392-B9EF1F9E0BA8}.Release|ARM.Build.0 = Release|Any CPU
		{47505C05-4575-469E-9392-B9EF1F9E0BA8}.Release|ARM.Deploy.0 = Release|Any CPU
		{47505C05-4575-469E-9392-B9EF1F9E0BA8}.Release|iPhone.ActiveCfg = Release|Any CPU
		{47505C05-4575-469E-9392-B9EF1F9E0BA8}.Release|iPhone.Build.0 = Release|Any CPU
		{47505C05-4575-469E-9392-B9EF1F9E0BA8}.Release|iPhone.Deploy.0 = Release|Any CPU
		{47505C05-4575-469E-9392-B9EF1F9E0BA8}.Release|iPhoneSimulator.ActiveCfg = Release|Any CPU
		{47505C05-4575-469E-9392-B9EF1F9E0BA8}.Release|iPhoneSimulator.Build.0 = Release|Any CPU
		{47505C05-4575-469E-9392-B9EF1F9E0BA8}.Release|iPhoneSimulator.Deploy.0 = Release|Any CPU
		{47505C05-4575-469E-9392-B9EF1F9E0BA8}.Release|x64.ActiveCfg = Release|Any CPU
		{47505C05-4575-469E-9392-B9EF1F9E0BA8}.Release|x64.Build.0 = Release|Any CPU
		{47505C05-4575-469E-9392-B9EF1F9E0BA8}.Release|x64.Deploy.0 = Release|Any CPU
		{47505C05-4575-469E-9392-B9EF1F9E0BA8}.Release|x86.ActiveCfg = Release|Any CPU
		{47505C05-4575-469E-9392-B9EF1F9E0BA8}.Release|x86.Build.0 = Release|Any CPU
		{47505C05-4575-469E-9392-B9EF1F9E0BA8}.Release|x86.Deploy.0 = Release|Any CPU
		{68B60F7B-56C4-41C6-8A30-F909F7163E03}.Ad-Hoc|Any CPU.ActiveCfg = Release|Any CPU
		{68B60F7B-56C4-41C6-8A30-F909F7163E03}.Ad-Hoc|Any CPU.Build.0 = Release|Any CPU
		{68B60F7B-56C4-41C6-8A30-F909F7163E03}.Ad-Hoc|ARM.ActiveCfg = Release|Any CPU
		{68B60F7B-56C4-41C6-8A30-F909F7163E03}.Ad-Hoc|ARM.Build.0 = Release|Any CPU
		{68B60F7B-56C4-41C6-8A30-F909F7163E03}.Ad-Hoc|iPhone.ActiveCfg = Release|Any CPU
		{68B60F7B-56C4-41C6-8A30-F909F7163E03}.Ad-Hoc|iPhone.Build.0 = Release|Any CPU
		{68B60F7B-56C4-41C6-8A30-F909F7163E03}.Ad-Hoc|iPhoneSimulator.ActiveCfg = Release|Any CPU
		{68B60F7B-56C4-41C6-8A30-F909F7163E03}.Ad-Hoc|iPhoneSimulator.Build.0 = Release|Any CPU
		{68B60F7B-56C4-41C6-8A30-F909F7163E03}.Ad-Hoc|x64.ActiveCfg = Release|Any CPU
		{68B60F7B-56C4-41C6-8A30-F909F7163E03}.Ad-Hoc|x64.Build.0 = Release|Any CPU
		{68B60F7B-56C4-41C6-8A30-F909F7163E03}.Ad-Hoc|x86.ActiveCfg = Release|Any CPU
		{68B60F7B-56C4-41C6-8A30-F909F7163E03}.Ad-Hoc|x86.Build.0 = Release|Any CPU
		{68B60F7B-56C4-41C6-8A30-F909F7163E03}.AppStore|Any CPU.ActiveCfg = Release|Any CPU
		{68B60F7B-56C4-41C6-8A30-F909F7163E03}.AppStore|Any CPU.Build.0 = Release|Any CPU
		{68B60F7B-56C4-41C6-8A30-F909F7163E03}.AppStore|ARM.ActiveCfg = Release|Any CPU
		{68B60F7B-56C4-41C6-8A30-F909F7163E03}.AppStore|ARM.Build.0 = Release|Any CPU
		{68B60F7B-56C4-41C6-8A30-F909F7163E03}.AppStore|iPhone.ActiveCfg = Release|Any CPU
		{68B60F7B-56C4-41C6-8A30-F909F7163E03}.AppStore|iPhone.Build.0 = Release|Any CPU
		{68B60F7B-56C4-41C6-8A30-F909F7163E03}.AppStore|iPhoneSimulator.ActiveCfg = Release|Any CPU
		{68B60F7B-56C4-41C6-8A30-F909F7163E03}.AppStore|iPhoneSimulator.Build.0 = Release|Any CPU
		{68B60F7B-56C4-41C6-8A30-F909F7163E03}.AppStore|x64.ActiveCfg = Release|Any CPU
		{68B60F7B-56C4-41C6-8A30-F909F7163E03}.AppStore|x64.Build.0 = Release|Any CPU
		{68B60F7B-56C4-41C6-8A30-F909F7163E03}.AppStore|x86.ActiveCfg = Release|Any CPU
		{68B60F7B-56C4-41C6-8A30-F909F7163E03}.AppStore|x86.Build.0 = Release|Any CPU
		{68B60F7B-56C4-41C6-8A30-F909F7163E03}.Debug|Any CPU.ActiveCfg = Debug|Any CPU
		{68B60F7B-56C4-41C6-8A30-F909F7163E03}.Debug|Any CPU.Build.0 = Debug|Any CPU
		{68B60F7B-56C4-41C6-8A30-F909F7163E03}.Debug|ARM.ActiveCfg = Debug|Any CPU
		{68B60F7B-56C4-41C6-8A30-F909F7163E03}.Debug|ARM.Build.0 = Debug|Any CPU
		{68B60F7B-56C4-41C6-8A30-F909F7163E03}.Debug|iPhone.ActiveCfg = Debug|Any CPU
		{68B60F7B-56C4-41C6-8A30-F909F7163E03}.Debug|iPhone.Build.0 = Debug|Any CPU
		{68B60F7B-56C4-41C6-8A30-F909F7163E03}.Debug|iPhoneSimulator.ActiveCfg = Debug|Any CPU
		{68B60F7B-56C4-41C6-8A30-F909F7163E03}.Debug|iPhoneSimulator.Build.0 = Debug|Any CPU
		{68B60F7B-56C4-41C6-8A30-F909F7163E03}.Debug|x64.ActiveCfg = Debug|Any CPU
		{68B60F7B-56C4-41C6-8A30-F909F7163E03}.Debug|x64.Build.0 = Debug|Any CPU
		{68B60F7B-56C4-41C6-8A30-F909F7163E03}.Debug|x86.ActiveCfg = Debug|Any CPU
		{68B60F7B-56C4-41C6-8A30-F909F7163E03}.Debug|x86.Build.0 = Debug|Any CPU
		{68B60F7B-56C4-41C6-8A30-F909F7163E03}.Release|Any CPU.ActiveCfg = Release|Any CPU
		{68B60F7B-56C4-41C6-8A30-F909F7163E03}.Release|Any CPU.Build.0 = Release|Any CPU
		{68B60F7B-56C4-41C6-8A30-F909F7163E03}.Release|ARM.ActiveCfg = Release|Any CPU
		{68B60F7B-56C4-41C6-8A30-F909F7163E03}.Release|ARM.Build.0 = Release|Any CPU
		{68B60F7B-56C4-41C6-8A30-F909F7163E03}.Release|iPhone.ActiveCfg = Release|Any CPU
		{68B60F7B-56C4-41C6-8A30-F909F7163E03}.Release|iPhone.Build.0 = Release|Any CPU
		{68B60F7B-56C4-41C6-8A30-F909F7163E03}.Release|iPhoneSimulator.ActiveCfg = Release|Any CPU
		{68B60F7B-56C4-41C6-8A30-F909F7163E03}.Release|iPhoneSimulator.Build.0 = Release|Any CPU
		{68B60F7B-56C4-41C6-8A30-F909F7163E03}.Release|x64.ActiveCfg = Release|Any CPU
		{68B60F7B-56C4-41C6-8A30-F909F7163E03}.Release|x64.Build.0 = Release|Any CPU
		{68B60F7B-56C4-41C6-8A30-F909F7163E03}.Release|x86.ActiveCfg = Release|Any CPU
		{68B60F7B-56C4-41C6-8A30-F909F7163E03}.Release|x86.Build.0 = Release|Any CPU
		{65D0CF91-C4FE-4D73-B506-D5555FFA68C3}.Ad-Hoc|Any CPU.ActiveCfg = Release|x86
		{65D0CF91-C4FE-4D73-B506-D5555FFA68C3}.Ad-Hoc|Any CPU.Build.0 = Release|x86
		{65D0CF91-C4FE-4D73-B506-D5555FFA68C3}.Ad-Hoc|Any CPU.Deploy.0 = Release|x86
		{65D0CF91-C4FE-4D73-B506-D5555FFA68C3}.Ad-Hoc|ARM.ActiveCfg = Release|ARM
		{65D0CF91-C4FE-4D73-B506-D5555FFA68C3}.Ad-Hoc|ARM.Build.0 = Release|ARM
		{65D0CF91-C4FE-4D73-B506-D5555FFA68C3}.Ad-Hoc|ARM.Deploy.0 = Release|ARM
		{65D0CF91-C4FE-4D73-B506-D5555FFA68C3}.Ad-Hoc|iPhone.ActiveCfg = Release|x86
		{65D0CF91-C4FE-4D73-B506-D5555FFA68C3}.Ad-Hoc|iPhone.Build.0 = Release|x86
		{65D0CF91-C4FE-4D73-B506-D5555FFA68C3}.Ad-Hoc|iPhone.Deploy.0 = Release|x86
		{65D0CF91-C4FE-4D73-B506-D5555FFA68C3}.Ad-Hoc|iPhoneSimulator.ActiveCfg = Release|x86
		{65D0CF91-C4FE-4D73-B506-D5555FFA68C3}.Ad-Hoc|iPhoneSimulator.Build.0 = Release|x86
		{65D0CF91-C4FE-4D73-B506-D5555FFA68C3}.Ad-Hoc|iPhoneSimulator.Deploy.0 = Release|x86
		{65D0CF91-C4FE-4D73-B506-D5555FFA68C3}.Ad-Hoc|x64.ActiveCfg = Release|x64
		{65D0CF91-C4FE-4D73-B506-D5555FFA68C3}.Ad-Hoc|x64.Build.0 = Release|x64
		{65D0CF91-C4FE-4D73-B506-D5555FFA68C3}.Ad-Hoc|x64.Deploy.0 = Release|x64
		{65D0CF91-C4FE-4D73-B506-D5555FFA68C3}.Ad-Hoc|x86.ActiveCfg = Release|x86
		{65D0CF91-C4FE-4D73-B506-D5555FFA68C3}.Ad-Hoc|x86.Build.0 = Release|x86
		{65D0CF91-C4FE-4D73-B506-D5555FFA68C3}.Ad-Hoc|x86.Deploy.0 = Release|x86
		{65D0CF91-C4FE-4D73-B506-D5555FFA68C3}.AppStore|Any CPU.ActiveCfg = Release|x86
		{65D0CF91-C4FE-4D73-B506-D5555FFA68C3}.AppStore|Any CPU.Build.0 = Release|x86
		{65D0CF91-C4FE-4D73-B506-D5555FFA68C3}.AppStore|Any CPU.Deploy.0 = Release|x86
		{65D0CF91-C4FE-4D73-B506-D5555FFA68C3}.AppStore|ARM.ActiveCfg = Release|ARM
		{65D0CF91-C4FE-4D73-B506-D5555FFA68C3}.AppStore|ARM.Build.0 = Release|ARM
		{65D0CF91-C4FE-4D73-B506-D5555FFA68C3}.AppStore|ARM.Deploy.0 = Release|ARM
		{65D0CF91-C4FE-4D73-B506-D5555FFA68C3}.AppStore|iPhone.ActiveCfg = Release|x86
		{65D0CF91-C4FE-4D73-B506-D5555FFA68C3}.AppStore|iPhone.Build.0 = Release|x86
		{65D0CF91-C4FE-4D73-B506-D5555FFA68C3}.AppStore|iPhone.Deploy.0 = Release|x86
		{65D0CF91-C4FE-4D73-B506-D5555FFA68C3}.AppStore|iPhoneSimulator.ActiveCfg = Release|x86
		{65D0CF91-C4FE-4D73-B506-D5555FFA68C3}.AppStore|iPhoneSimulator.Build.0 = Release|x86
		{65D0CF91-C4FE-4D73-B506-D5555FFA68C3}.AppStore|iPhoneSimulator.Deploy.0 = Release|x86
		{65D0CF91-C4FE-4D73-B506-D5555FFA68C3}.AppStore|x64.ActiveCfg = Release|x64
		{65D0CF91-C4FE-4D73-B506-D5555FFA68C3}.AppStore|x64.Build.0 = Release|x64
		{65D0CF91-C4FE-4D73-B506-D5555FFA68C3}.AppStore|x64.Deploy.0 = Release|x64
		{65D0CF91-C4FE-4D73-B506-D5555FFA68C3}.AppStore|x86.ActiveCfg = Release|x86
		{65D0CF91-C4FE-4D73-B506-D5555FFA68C3}.AppStore|x86.Build.0 = Release|x86
		{65D0CF91-C4FE-4D73-B506-D5555FFA68C3}.AppStore|x86.Deploy.0 = Release|x86
		{65D0CF91-C4FE-4D73-B506-D5555FFA68C3}.Debug|Any CPU.ActiveCfg = Debug|x86
		{65D0CF91-C4FE-4D73-B506-D5555FFA68C3}.Debug|ARM.ActiveCfg = Debug|ARM
		{65D0CF91-C4FE-4D73-B506-D5555FFA68C3}.Debug|ARM.Build.0 = Debug|ARM
		{65D0CF91-C4FE-4D73-B506-D5555FFA68C3}.Debug|ARM.Deploy.0 = Debug|ARM
		{65D0CF91-C4FE-4D73-B506-D5555FFA68C3}.Debug|iPhone.ActiveCfg = Debug|x86
		{65D0CF91-C4FE-4D73-B506-D5555FFA68C3}.Debug|iPhoneSimulator.ActiveCfg = Debug|x86
		{65D0CF91-C4FE-4D73-B506-D5555FFA68C3}.Debug|x64.ActiveCfg = Debug|x64
		{65D0CF91-C4FE-4D73-B506-D5555FFA68C3}.Debug|x64.Build.0 = Debug|x64
		{65D0CF91-C4FE-4D73-B506-D5555FFA68C3}.Debug|x64.Deploy.0 = Debug|x64
		{65D0CF91-C4FE-4D73-B506-D5555FFA68C3}.Debug|x86.ActiveCfg = Debug|x86
		{65D0CF91-C4FE-4D73-B506-D5555FFA68C3}.Debug|x86.Build.0 = Debug|x86
		{65D0CF91-C4FE-4D73-B506-D5555FFA68C3}.Debug|x86.Deploy.0 = Debug|x86
		{65D0CF91-C4FE-4D73-B506-D5555FFA68C3}.Release|Any CPU.ActiveCfg = Release|x86
		{65D0CF91-C4FE-4D73-B506-D5555FFA68C3}.Release|ARM.ActiveCfg = Release|ARM
		{65D0CF91-C4FE-4D73-B506-D5555FFA68C3}.Release|ARM.Build.0 = Release|ARM
		{65D0CF91-C4FE-4D73-B506-D5555FFA68C3}.Release|ARM.Deploy.0 = Release|ARM
		{65D0CF91-C4FE-4D73-B506-D5555FFA68C3}.Release|iPhone.ActiveCfg = Release|x86
		{65D0CF91-C4FE-4D73-B506-D5555FFA68C3}.Release|iPhoneSimulator.ActiveCfg = Release|x86
		{65D0CF91-C4FE-4D73-B506-D5555FFA68C3}.Release|x64.ActiveCfg = Release|x64
		{65D0CF91-C4FE-4D73-B506-D5555FFA68C3}.Release|x64.Build.0 = Release|x64
		{65D0CF91-C4FE-4D73-B506-D5555FFA68C3}.Release|x64.Deploy.0 = Release|x64
		{65D0CF91-C4FE-4D73-B506-D5555FFA68C3}.Release|x86.ActiveCfg = Release|x86
		{65D0CF91-C4FE-4D73-B506-D5555FFA68C3}.Release|x86.Build.0 = Release|x86
		{65D0CF91-C4FE-4D73-B506-D5555FFA68C3}.Release|x86.Deploy.0 = Release|x86
		{A82B6C59-C2BD-44F6-9C77-1212D4D675E0}.Ad-Hoc|Any CPU.ActiveCfg = Ad-Hoc|iPhoneSimulator
		{A82B6C59-C2BD-44F6-9C77-1212D4D675E0}.Ad-Hoc|ARM.ActiveCfg = Ad-Hoc|iPhone
		{A82B6C59-C2BD-44F6-9C77-1212D4D675E0}.Ad-Hoc|iPhone.ActiveCfg = Ad-Hoc|iPhone
		{A82B6C59-C2BD-44F6-9C77-1212D4D675E0}.Ad-Hoc|iPhone.Build.0 = Ad-Hoc|iPhone
		{A82B6C59-C2BD-44F6-9C77-1212D4D675E0}.Ad-Hoc|iPhoneSimulator.ActiveCfg = Ad-Hoc|iPhoneSimulator
		{A82B6C59-C2BD-44F6-9C77-1212D4D675E0}.Ad-Hoc|iPhoneSimulator.Build.0 = Ad-Hoc|iPhoneSimulator
		{A82B6C59-C2BD-44F6-9C77-1212D4D675E0}.Ad-Hoc|x64.ActiveCfg = Ad-Hoc|iPhone
		{A82B6C59-C2BD-44F6-9C77-1212D4D675E0}.Ad-Hoc|x86.ActiveCfg = Ad-Hoc|iPhone
		{A82B6C59-C2BD-44F6-9C77-1212D4D675E0}.AppStore|Any CPU.ActiveCfg = AppStore|iPhoneSimulator
		{A82B6C59-C2BD-44F6-9C77-1212D4D675E0}.AppStore|ARM.ActiveCfg = AppStore|iPhone
		{A82B6C59-C2BD-44F6-9C77-1212D4D675E0}.AppStore|iPhone.ActiveCfg = AppStore|iPhone
		{A82B6C59-C2BD-44F6-9C77-1212D4D675E0}.AppStore|iPhone.Build.0 = AppStore|iPhone
		{A82B6C59-C2BD-44F6-9C77-1212D4D675E0}.AppStore|iPhoneSimulator.ActiveCfg = AppStore|iPhoneSimulator
		{A82B6C59-C2BD-44F6-9C77-1212D4D675E0}.AppStore|iPhoneSimulator.Build.0 = AppStore|iPhoneSimulator
		{A82B6C59-C2BD-44F6-9C77-1212D4D675E0}.AppStore|x64.ActiveCfg = AppStore|iPhone
		{A82B6C59-C2BD-44F6-9C77-1212D4D675E0}.AppStore|x86.ActiveCfg = AppStore|iPhone
		{A82B6C59-C2BD-44F6-9C77-1212D4D675E0}.Debug|Any CPU.ActiveCfg = Debug|iPhoneSimulator
		{A82B6C59-C2BD-44F6-9C77-1212D4D675E0}.Debug|ARM.ActiveCfg = Debug|iPhone
		{A82B6C59-C2BD-44F6-9C77-1212D4D675E0}.Debug|iPhone.ActiveCfg = Debug|iPhone
		{A82B6C59-C2BD-44F6-9C77-1212D4D675E0}.Debug|iPhone.Build.0 = Debug|iPhone
		{A82B6C59-C2BD-44F6-9C77-1212D4D675E0}.Debug|iPhoneSimulator.ActiveCfg = Debug|iPhoneSimulator
		{A82B6C59-C2BD-44F6-9C77-1212D4D675E0}.Debug|iPhoneSimulator.Build.0 = Debug|iPhoneSimulator
		{A82B6C59-C2BD-44F6-9C77-1212D4D675E0}.Debug|x64.ActiveCfg = Debug|iPhone
		{A82B6C59-C2BD-44F6-9C77-1212D4D675E0}.Debug|x86.ActiveCfg = Debug|iPhone
		{A82B6C59-C2BD-44F6-9C77-1212D4D675E0}.Release|Any CPU.ActiveCfg = Release|iPhoneSimulator
		{A82B6C59-C2BD-44F6-9C77-1212D4D675E0}.Release|ARM.ActiveCfg = Release|iPhone
		{A82B6C59-C2BD-44F6-9C77-1212D4D675E0}.Release|iPhone.ActiveCfg = Release|iPhone
		{A82B6C59-C2BD-44F6-9C77-1212D4D675E0}.Release|iPhone.Build.0 = Release|iPhone
		{A82B6C59-C2BD-44F6-9C77-1212D4D675E0}.Release|iPhoneSimulator.ActiveCfg = Release|iPhoneSimulator
		{A82B6C59-C2BD-44F6-9C77-1212D4D675E0}.Release|iPhoneSimulator.Build.0 = Release|iPhoneSimulator
		{A82B6C59-C2BD-44F6-9C77-1212D4D675E0}.Release|x64.ActiveCfg = Release|iPhone
		{A82B6C59-C2BD-44F6-9C77-1212D4D675E0}.Release|x86.ActiveCfg = Release|iPhone
	EndGlobalSection
	GlobalSection(SolutionProperties) = preSolution
		HideSolutionNode = FALSE
	EndGlobalSection
	GlobalSection(ExtensibilityGlobals) = postSolution
		SolutionGuid = {50A6BD51-5C86-481D-83C7-5E587042EAE3}
	EndGlobalSection
EndGlobal
